
Microsoft Visual Studio Solution File, Format Version 12.00
# Visual Studio Version 16
VisualStudioVersion = 16.0.32106.194
MinimumVisualStudioVersion = 10.0.40219.1
Project("{FAE04EC0-301F-11D3-BF4B-00C04F79EFBC}") = "NotHesaplamaUygulaması", "NotHesaplamaUygulaması\NotHesaplamaUygulaması.csproj", "{D64F7BAA-3137-49EF-B8ED-5D0821C9433F}"
EndProject
Global
	GlobalSection(SolutionConfigurationPlatforms) = preSolution
		Debug|Any CPU = Debug|Any CPU
		Release|Any CPU = Release|Any CPU
	EndGlobalSection
	GlobalSection(ProjectConfigurationPlatforms) = postSolution
		{D64F7BAA-3137-49EF-B8ED-5D0821C9433F}.Debug|Any CPU.ActiveCfg = Debug|Any CPU
		{D64F7BAA-3137-49EF-B8ED-5D0821C9433F}.Debug|Any CPU.Build.0 = Debug|Any CPU
		{D64F7BAA-3137-49EF-B8ED-5D0821C9433F}.Release|Any CPU.ActiveCfg = Release|Any CPU
		{D64F7BAA-3137-49EF-B8ED-5D0821C9433F}.Release|Any CPU.Build.0 = Release|Any CPU
	EndGlobalSection
	GlobalSection(SolutionProperties) = preSolution
		HideSolutionNode = FALSE
	EndGlobalSection
	GlobalSection(ExtensibilityGlobals) = postSolution
		SolutionGuid = {133F045B-F02C-4FBC-B149-66F5E9FE514F}
	EndGlobalSection
EndGlobal
